// !$*UTF8*$!
{
	archiveVersion = 1;
	classes = {
	};
	objectVersion = 50;
	objects = {

/* Begin PBXBuildFile section */
		B0055FAB2681823E004B8AC0 /* AppDelegate.swift in Sources */ = {isa = PBXBuildFile; fileRef = B0055FAA2681823E004B8AC0 /* AppDelegate.swift */; };
		B0055FAD2681823E004B8AC0 /* GameScene.sks in Resources */ = {isa = PBXBuildFile; fileRef = B0055FAC2681823E004B8AC0 /* GameScene.sks */; };
		B0055FAF2681823E004B8AC0 /* Actions.sks in Resources */ = {isa = PBXBuildFile; fileRef = B0055FAE2681823E004B8AC0 /* Actions.sks */; };
		B0055FB12681823E004B8AC0 /* GameScene.swift in Sources */ = {isa = PBXBuildFile; fileRef = B0055FB02681823E004B8AC0 /* GameScene.swift */; };
		B0055FB32681823E004B8AC0 /* GameViewController.swift in Sources */ = {isa = PBXBuildFile; fileRef = B0055FB22681823E004B8AC0 /* GameViewController.swift */; };
		B0055FB62681823E004B8AC0 /* Main.storyboard in Resources */ = {isa = PBXBuildFile; fileRef = B0055FB42681823E004B8AC0 /* Main.storyboard */; };
		B0055FB826818242004B8AC0 /* Assets.xcassets in Resources */ = {isa = PBXBuildFile; fileRef = B0055FB726818242004B8AC0 /* Assets.xcassets */; };
		B0055FC326818242004B8AC0 /* tap_tapTests.swift in Sources */ = {isa = PBXBuildFile; fileRef = B0055FC226818242004B8AC0 /* tap_tapTests.swift */; };
		B0055FCE26818243004B8AC0 /* tap_tapUITests.swift in Sources */ = {isa = PBXBuildFile; fileRef = B0055FCD26818243004B8AC0 /* tap_tapUITests.swift */; };
/* End PBXBuildFile section */

/* Begin PBXContainerItemProxy section */
		B0055FBF26818242004B8AC0 /* PBXContainerItemProxy */ = {
			isa = PBXContainerItemProxy;
			containerPortal = B0055F9F2681823E004B8AC0 /* Project object */;
			proxyType = 1;
			remoteGlobalIDString = B0055FA62681823E004B8AC0;
			remoteInfo = "tap tap";
		};
		B0055FCA26818243004B8AC0 /* PBXContainerItemProxy */ = {
			isa = PBXContainerItemProxy;
			containerPortal = B0055F9F2681823E004B8AC0 /* Project object */;
			proxyType = 1;
			remoteGlobalIDString = B0055FA62681823E004B8AC0;
			remoteInfo = "tap tap";
		};
/* End PBXContainerItemProxy section */

/* Begin PBXFileReference section */
		B0055FA72681823E004B8AC0 /* tap tap.app */ = {isa = PBXFileReference; explicitFileType = wrapper.application; includeInIndex = 0; path = "tap tap.app"; sourceTree = BUILT_PRODUCTS_DIR; };
		B0055FAA2681823E004B8AC0 /* AppDelegate.swift */ = {isa = PBXFileReference; lastKnownFileType = sourcecode.swift; path = AppDelegate.swift; sourceTree = "<group>"; };
		B0055FAC2681823E004B8AC0 /* GameScene.sks */ = {isa = PBXFileReference; lastKnownFileType = file.sks; path = GameScene.sks; sourceTree = "<group>"; };
		B0055FAE2681823E004B8AC0 /* Actions.sks */ = {isa = PBXFileReference; lastKnownFileType = file.sks; path = Actions.sks; sourceTree = "<group>"; };
		B0055FB02681823E004B8AC0 /* GameScene.swift */ = {isa = PBXFileReference; lastKnownFileType = sourcecode.swift; path = GameScene.swift; sourceTree = "<group>"; };
		B0055FB22681823E004B8AC0 /* GameViewController.swift */ = {isa = PBXFileReference; lastKnownFileType = sourcecode.swift; path = GameViewController.swift; sourceTree = "<group>"; };
		B0055FB52681823E004B8AC0 /* Base */ = {isa = PBXFileReference; lastKnownFileType = file.storyboard; name = Base; path = Base.lproj/Main.storyboard; sourceTree = "<group>"; };
		B0055FB726818242004B8AC0 /* Assets.xcassets */ = {isa = PBXFileReference; lastKnownFileType = folder.assetcatalog; path = Assets.xcassets; sourceTree = "<group>"; };
		B0055FB926818242004B8AC0 /* Info.plist */ = {isa = PBXFileReference; lastKnownFileType = text.plist.xml; path = Info.plist; sourceTree = "<group>"; };
		B0055FBE26818242004B8AC0 /* tap tapTests.xctest */ = {isa = PBXFileReference; explicitFileType = wrapper.cfbundle; includeInIndex = 0; path = "tap tapTests.xctest"; sourceTree = BUILT_PRODUCTS_DIR; };
		B0055FC226818242004B8AC0 /* tap_tapTests.swift */ = {isa = PBXFileReference; lastKnownFileType = sourcecode.swift; path = tap_tapTests.swift; sourceTree = "<group>"; };
		B0055FC426818242004B8AC0 /* Info.plist */ = {isa = PBXFileReference; lastKnownFileType = text.plist.xml; path = Info.plist; sourceTree = "<group>"; };
		B0055FC926818243004B8AC0 /* tap tapUITests.xctest */ = {isa = PBXFileReference; explicitFileType = wrapper.cfbundle; includeInIndex = 0; path = "tap tapUITests.xctest"; sourceTree = BUILT_PRODUCTS_DIR; };
		B0055FCD26818243004B8AC0 /* tap_tapUITests.swift */ = {isa = PBXFileReference; lastKnownFileType = sourcecode.swift; path = tap_tapUITests.swift; sourceTree = "<group>"; };
		B0055FCF26818243004B8AC0 /* Info.plist */ = {isa = PBXFileReference; lastKnownFileType = text.plist.xml; path = Info.plist; sourceTree = "<group>"; };
/* End PBXFileReference section */

/* Begin PBXFrameworksBuildPhase section */
		B0055FA42681823E004B8AC0 /* Frameworks */ = {
			isa = PBXFrameworksBuildPhase;
			buildActionMask = 2147483647;
			files = (
			);
			runOnlyForDeploymentPostprocessing = 0;
		};
		B0055FBB26818242004B8AC0 /* Frameworks */ = {
			isa = PBXFrameworksBuildPhase;
			buildActionMask = 2147483647;
			files = (
			);
			runOnlyForDeploymentPostprocessing = 0;
		};
		B0055FC626818243004B8AC0 /* Frameworks */ = {
			isa = PBXFrameworksBuildPhase;
			buildActionMask = 2147483647;
			files = (
			);
			runOnlyForDeploymentPostprocessing = 0;
		};
/* End PBXFrameworksBuildPhase section */

/* Begin PBXGroup section */
		B0055F9E2681823E004B8AC0 = {
			isa = PBXGroup;
			children = (
				B0055FA92681823E004B8AC0 /* tap tap */,
				B0055FC126818242004B8AC0 /* tap tapTests */,
				B0055FCC26818243004B8AC0 /* tap tapUITests */,
				B0055FA82681823E004B8AC0 /* Products */,
			);
			sourceTree = "<group>";
		};
		B0055FA82681823E004B8AC0 /* Products */ = {
			isa = PBXGroup;
			children = (
				B0055FA72681823E004B8AC0 /* tap tap.app */,
				B0055FBE26818242004B8AC0 /* tap tapTests.xctest */,
				B0055FC926818243004B8AC0 /* tap tapUITests.xctest */,
			);
			name = Products;
			sourceTree = "<group>";
		};
		B0055FA92681823E004B8AC0 /* tap tap */ = {
			isa = PBXGroup;
			children = (
				B0055FAA2681823E004B8AC0 /* AppDelegate.swift */,
				B0055FAC2681823E004B8AC0 /* GameScene.sks */,
				B0055FAE2681823E004B8AC0 /* Actions.sks */,
				B0055FB02681823E004B8AC0 /* GameScene.swift */,
				B0055FB22681823E004B8AC0 /* GameViewController.swift */,
				B0055FB42681823E004B8AC0 /* Main.storyboard */,
				B0055FB726818242004B8AC0 /* Assets.xcassets */,
				B0055FB926818242004B8AC0 /* Info.plist */,
			);
			path = "tap tap";
			sourceTree = "<group>";
		};
		B0055FC126818242004B8AC0 /* tap tapTests */ = {
			isa = PBXGroup;
			children = (
				B0055FC226818242004B8AC0 /* tap_tapTests.swift */,
				B0055FC426818242004B8AC0 /* Info.plist */,
			);
			path = "tap tapTests";
			sourceTree = "<group>";
		};
		B0055FCC26818243004B8AC0 /* tap tapUITests */ = {
			isa = PBXGroup;
			children = (
				B0055FCD26818243004B8AC0 /* tap_tapUITests.swift */,
				B0055FCF26818243004B8AC0 /* Info.plist */,
			);
			path = "tap tapUITests";
			sourceTree = "<group>";
		};
/* End PBXGroup section */

/* Begin PBXNativeTarget section */
		B0055FA62681823E004B8AC0 /* tap tap */ = {
			isa = PBXNativeTarget;
			buildConfigurationList = B0055FD226818243004B8AC0 /* Build configuration list for PBXNativeTarget "tap tap" */;
			buildPhases = (
				B0055FA32681823E004B8AC0 /* Sources */,
				B0055FA42681823E004B8AC0 /* Frameworks */,
				B0055FA52681823E004B8AC0 /* Resources */,
			);
			buildRules = (
			);
			dependencies = (
			);
			name = "tap tap";
			productName = "tap tap";
			productReference = B0055FA72681823E004B8AC0 /* tap tap.app */;
			productType = "com.apple.product-type.application";
		};
		B0055FBD26818242004B8AC0 /* tap tapTests */ = {
			isa = PBXNativeTarget;
			buildConfigurationList = B0055FD526818243004B8AC0 /* Build configuration list for PBXNativeTarget "tap tapTests" */;
			buildPhases = (
				B0055FBA26818242004B8AC0 /* Sources */,
				B0055FBB26818242004B8AC0 /* Frameworks */,
				B0055FBC26818242004B8AC0 /* Resources */,
			);
			buildRules = (
			);
			dependencies = (
				B0055FC026818242004B8AC0 /* PBXTargetDependency */,
			);
			name = "tap tapTests";
			productName = "tap tapTests";
			productReference = B0055FBE26818242004B8AC0 /* tap tapTests.xctest */;
			productType = "com.apple.product-type.bundle.unit-test";
		};
		B0055FC826818243004B8AC0 /* tap tapUITests */ = {
			isa = PBXNativeTarget;
			buildConfigurationList = B0055FD826818243004B8AC0 /* Build configuration list for PBXNativeTarget "tap tapUITests" */;
			buildPhases = (
				B0055FC526818243004B8AC0 /* Sources */,
				B0055FC626818243004B8AC0 /* Frameworks */,
				B0055FC726818243004B8AC0 /* Resources */,
			);
			buildRules = (
			);
			dependencies = (
				B0055FCB26818243004B8AC0 /* PBXTargetDependency */,
			);
			name = "tap tapUITests";
			productName = "tap tapUITests";
			productReference = B0055FC926818243004B8AC0 /* tap tapUITests.xctest */;
			productType = "com.apple.product-type.bundle.ui-testing";
		};
/* End PBXNativeTarget section */

/* Begin PBXProject section */
		B0055F9F2681823E004B8AC0 /* Project object */ = {
			isa = PBXProject;
			attributes = {
				LastSwiftUpdateCheck = 1250;
				LastUpgradeCheck = 1250;
				TargetAttributes = {
					B0055FA62681823E004B8AC0 = {
						CreatedOnToolsVersion = 12.5;
					};
					B0055FBD26818242004B8AC0 = {
						CreatedOnToolsVersion = 12.5;
						TestTargetID = B0055FA62681823E004B8AC0;
					};
					B0055FC826818243004B8AC0 = {
						CreatedOnToolsVersion = 12.5;
						TestTargetID = B0055FA62681823E004B8AC0;
					};
				};
			};
			buildConfigurationList = B0055FA22681823E004B8AC0 /* Build configuration list for PBXProject "tap tap" */;
			compatibilityVersion = "Xcode 9.3";
			developmentRegion = en;
			hasScannedForEncodings = 0;
			knownRegions = (
				en,
				Base,
			);
			mainGroup = B0055F9E2681823E004B8AC0;
			productRefGroup = B0055FA82681823E004B8AC0 /* Products */;
			projectDirPath = "";
			projectRoot = "";
			targets = (
				B0055FA62681823E004B8AC0 /* tap tap */,
				B0055FBD26818242004B8AC0 /* tap tapTests */,
				B0055FC826818243004B8AC0 /* tap tapUITests */,
			);
		};
/* End PBXProject section */

/* Begin PBXResourcesBuildPhase section */
		B0055FA52681823E004B8AC0 /* Resources */ = {
			isa = PBXResourcesBuildPhase;
			buildActionMask = 2147483647;
			files = (
				B0055FB62681823E004B8AC0 /* Main.storyboard in Resources */,
				B0055FAD2681823E004B8AC0 /* GameScene.sks in Resources */,
				B0055FB826818242004B8AC0 /* Assets.xcassets in Resources */,
				B0055FAF2681823E004B8AC0 /* Actions.sks in Resources */,
			);
			runOnlyForDeploymentPostprocessing = 0;
		};
		B0055FBC26818242004B8AC0 /* Resources */ = {
			isa = PBXResourcesBuildPhase;
			buildActionMask = 2147483647;
			files = (
			);
			runOnlyForDeploymentPostprocessing = 0;
		};
		B0055FC726818243004B8AC0 /* Resources */ = {
			isa = PBXResourcesBuildPhase;
			buildActionMask = 2147483647;
			files = (
			);
			runOnlyForDeploymentPostprocessing = 0;
		};
/* End PBXResourcesBuildPhase section */

/* Begin PBXSourcesBuildPhase section */
		B0055FA32681823E004B8AC0 /* Sources */ = {
			isa = PBXSourcesBuildPhase;
			buildActionMask = 2147483647;
			files = (
				B0055FB12681823E004B8AC0 /* GameScene.swift in Sources */,
				B0055FB32681823E004B8AC0 /* GameViewController.swift in Sources */,
				B0055FAB2681823E004B8AC0 /* AppDelegate.swift in Sources */,
			);
			runOnlyForDeploymentPostprocessing = 0;
		};
		B0055FBA26818242004B8AC0 /* Sources */ = {
			isa = PBXSourcesBuildPhase;
			buildActionMask = 2147483647;
			files = (
				B0055FC326818242004B8AC0 /* tap_tapTests.swift in Sources */,
			);
			runOnlyForDeploymentPostprocessing = 0;
		};
		B0055FC526818243004B8AC0 /* Sources */ = {
			isa = PBXSourcesBuildPhase;
			buildActionMask = 2147483647;
			files = (
				B0055FCE26818243004B8AC0 /* tap_tapUITests.swift in Sources */,
			);
			runOnlyForDeploymentPostprocessing = 0;
		};
/* End PBXSourcesBuildPhase section */

/* Begin PBXTargetDependency section */
		B0055FC026818242004B8AC0 /* PBXTargetDependency */ = {
			isa = PBXTargetDependency;
			target = B0055FA62681823E004B8AC0 /* tap tap */;
			targetProxy = B0055FBF26818242004B8AC0 /* PBXContainerItemProxy */;
		};
		B0055FCB26818243004B8AC0 /* PBXTargetDependency */ = {
			isa = PBXTargetDependency;
			target = B0055FA62681823E004B8AC0 /* tap tap */;
			targetProxy = B0055FCA26818243004B8AC0 /* PBXContainerItemProxy */;
		};
/* End PBXTargetDependency section */

/* Begin PBXVariantGroup section */
		B0055FB42681823E004B8AC0 /* Main.storyboard */ = {
			isa = PBXVariantGroup;
			children = (
				B0055FB52681823E004B8AC0 /* Base */,
			);
			name = Main.storyboard;
			sourceTree = "<group>";
		};
/* End PBXVariantGroup section */

/* Begin XCBuildConfiguration section */
		B0055FD026818243004B8AC0 /* Debug */ = {
			isa = XCBuildConfiguration;
			buildSettings = {
				ALWAYS_SEARCH_USER_PATHS = NO;
				CLANG_ANALYZER_NONNULL = YES;
				CLANG_ANALYZER_NUMBER_OBJECT_CONVERSION = YES_AGGRESSIVE;
				CLANG_CXX_LANGUAGE_STANDARD = "gnu++14";
				CLANG_CXX_LIBRARY = "libc++";
				CLANG_ENABLE_MODULES = YES;
				CLANG_ENABLE_OBJC_ARC = YES;
				CLANG_ENABLE_OBJC_WEAK = YES;
				CLANG_WARN_BLOCK_CAPTURE_AUTORELEASING = YES;
				CLANG_WARN_BOOL_CONVERSION = YES;
				CLANG_WARN_COMMA = YES;
				CLANG_WARN_CONSTANT_CONVERSION = YES;
				CLANG_WARN_DEPRECATED_OBJC_IMPLEMENTATIONS = YES;
				CLANG_WARN_DIRECT_OBJC_ISA_USAGE = YES_ERROR;
				CLANG_WARN_DOCUMENTATION_COMMENTS = YES;
				CLANG_WARN_EMPTY_BODY = YES;
				CLANG_WARN_ENUM_CONVERSION = YES;
				CLANG_WARN_INFINITE_RECURSION = YES;
				CLANG_WARN_INT_CONVERSION = YES;
				CLANG_WARN_NON_LITERAL_NULL_CONVERSION = YES;
				CLANG_WARN_OBJC_IMPLICIT_RETAIN_SELF = YES;
				CLANG_WARN_OBJC_LITERAL_CONVERSION = YES;
				CLANG_WARN_OBJC_ROOT_CLASS = YES_ERROR;
				CLANG_WARN_QUOTED_INCLUDE_IN_FRAMEWORK_HEADER = YES;
				CLANG_WARN_RANGE_LOOP_ANALYSIS = YES;
				CLANG_WARN_STRICT_PROTOTYPES = YES;
				CLANG_WARN_SUSPICIOUS_MOVE = YES;
				CLANG_WARN_UNGUARDED_AVAILABILITY = YES_AGGRESSIVE;
				CLANG_WARN_UNREACHABLE_CODE = YES;
				CLANG_WARN__DUPLICATE_METHOD_MATCH = YES;
				COPY_PHASE_STRIP = NO;
				DEBUG_INFORMATION_FORMAT = dwarf;
				ENABLE_STRICT_OBJC_MSGSEND = YES;
				ENABLE_TESTABILITY = YES;
				GCC_C_LANGUAGE_STANDARD = gnu11;
				GCC_DYNAMIC_NO_PIC = NO;
				GCC_NO_COMMON_BLOCKS = YES;
				GCC_OPTIMIZATION_LEVEL = 0;
				GCC_PREPROCESSOR_DEFINITIONS = (
					"DEBUG=1",
					"$(inherited)",
				);
				GCC_WARN_64_TO_32_BIT_CONVERSION = YES;
				GCC_WARN_ABOUT_RETURN_TYPE = YES_ERROR;
				GCC_WARN_UNDECLARED_SELECTOR = YES;
				GCC_WARN_UNINITIALIZED_AUTOS = YES_AGGRESSIVE;
				GCC_WARN_UNUSED_FUNCTION = YES;
				GCC_WARN_UNUSED_VARIABLE = YES;
				IPHONEOS_DEPLOYMENT_TARGET = 14.5;
				MTL_ENABLE_DEBUG_INFO = INCLUDE_SOURCE;
				MTL_FAST_MATH = YES;
				ONLY_ACTIVE_ARCH = YES;
				SDKROOT = iphoneos;
				SWIFT_ACTIVE_COMPILATION_CONDITIONS = DEBUG;
				SWIFT_OPTIMIZATION_LEVEL = "-Onone";
			};
			name = Debug;
		};
		B0055FD126818243004B8AC0 /* Release */ = {
			isa = XCBuildConfiguration;
			buildSettings = {
				ALWAYS_SEARCH_USER_PATHS = NO;
				CLANG_ANALYZER_NONNULL = YES;
				CLANG_ANALYZER_NUMBER_OBJECT_CONVERSION = YES_AGGRESSIVE;
				CLANG_CXX_LANGUAGE_STANDARD = "gnu++14";
				CLANG_CXX_LIBRARY = "libc++";
				CLANG_ENABLE_MODULES = YES;
				CLANG_ENABLE_OBJC_ARC = YES;
				CLANG_ENABLE_OBJC_WEAK = YES;
				CLANG_WARN_BLOCK_CAPTURE_AUTORELEASING = YES;
				CLANG_WARN_BOOL_CONVERSION = YES;
				CLANG_WARN_COMMA = YES;
				CLANG_WARN_CONSTANT_CONVERSION = YES;
				CLANG_WARN_DEPRECATED_OBJC_IMPLEMENTATIONS = YES;
				CLANG_WARN_DIRECT_OBJC_ISA_USAGE = YES_ERROR;
				CLANG_WARN_DOCUMENTATION_COMMENTS = YES;
				CLANG_WARN_EMPTY_BODY = YES;
				CLANG_WARN_ENUM_CONVERSION = YES;
				CLANG_WARN_INFINITE_RECURSION = YES;
				CLANG_WARN_INT_CONVERSION = YES;
				CLANG_WARN_NON_LITERAL_NULL_CONVERSION = YES;
				CLANG_WARN_OBJC_IMPLICIT_RETAIN_SELF = YES;
				CLANG_WARN_OBJC_LITERAL_CONVERSION = YES;
				CLANG_WARN_OBJC_ROOT_CLASS = YES_ERROR;
				CLANG_WARN_QUOTED_INCLUDE_IN_FRAMEWORK_HEADER = YES;
				CLANG_WARN_RANGE_LOOP_ANALYSIS = YES;
				CLANG_WARN_STRICT_PROTOTYPES = YES;
				CLANG_WARN_SUSPICIOUS_MOVE = YES;
				CLANG_WARN_UNGUARDED_AVAILABILITY = YES_AGGRESSIVE;
				CLANG_WARN_UNREACHABLE_CODE = YES;
				CLANG_WARN__DUPLICATE_METHOD_MATCH = YES;
				COPY_PHASE_STRIP = NO;
				DEBUG_INFORMATION_FORMAT = "dwarf-with-dsym";
				ENABLE_NS_ASSERTIONS = NO;
				ENABLE_STRICT_OBJC_MSGSEND = YES;
				GCC_C_LANGUAGE_STANDARD = gnu11;
				GCC_NO_COMMON_BLOCKS = YES;
				GCC_WARN_64_TO_32_BIT_CONVERSION = YES;
				GCC_WARN_ABOUT_RETURN_TYPE = YES_ERROR;
				GCC_WARN_UNDECLARED_SELECTOR = YES;
				GCC_WARN_UNINITIALIZED_AUTOS = YES_AGGRESSIVE;
				GCC_WARN_UNUSED_FUNCTION = YES;
				GCC_WARN_UNUSED_VARIABLE = YES;
				IPHONEOS_DEPLOYMENT_TARGET = 14.5;
				MTL_ENABLE_DEBUG_INFO = NO;
				MTL_FAST_MATH = YES;
				SDKROOT = iphoneos;
				SWIFT_COMPILATION_MODE = wholemodule;
				SWIFT_OPTIMIZATION_LEVEL = "-O";
				VALIDATE_PRODUCT = YES;
			};
			name = Release;
		};
		B0055FD326818243004B8AC0 /* Debug */ = {
			isa = XCBuildConfiguration;
			buildSettings = {
				ASSETCATALOG_COMPILER_APPICON_NAME = AppIcon;
				ASSETCATALOG_COMPILER_GLOBAL_ACCENT_COLOR_NAME = AccentColor;
				CODE_SIGN_STYLE = Automatic;
				DEVELOPMENT_TEAM = 5W8V7NL45W;
				INFOPLIST_FILE = "tap tap/Info.plist";
				LD_RUNPATH_SEARCH_PATHS = (
					"$(inherited)",
					"@executable_path/Frameworks",
				);
				PRODUCT_BUNDLE_IDENTIFIER = "com.takano.tap-tap";
				PRODUCT_NAME = "$(TARGET_NAME)";
				SWIFT_VERSION = 5.0;
				TARGETED_DEVICE_FAMILY = "1,2";
			};
			name = Debug;
		};
		B0055FD426818243004B8AC0 /* Release */ = {
			isa = XCBuildConfiguration;
			buildSettings = {
				ASSETCATALOG_COMPILER_APPICON_NAME = AppIcon;
				ASSETCATALOG_COMPILER_GLOBAL_ACCENT_COLOR_NAME = AccentColor;
				CODE_SIGN_STYLE = Automatic;
				DEVELOPMENT_TEAM = 5W8V7NL45W;
				INFOPLIST_FILE = "tap tap/Info.plist";
				LD_RUNPATH_SEARCH_PATHS = (
					"$(inherited)",
					"@executable_path/Frameworks",
				);
				PRODUCT_BUNDLE_IDENTIFIER = "com.takano.tap-tap";
				PRODUCT_NAME = "$(TARGET_NAME)";
				SWIFT_VERSION = 5.0;
				TARGETED_DEVICE_FAMILY = "1,2";
			};
			name = Release;
		};
		B0055FD626818243004B8AC0 /* Debug */ = {
			isa = XCBuildConfiguration;
			buildSettings = {
				ALWAYS_EMBED_SWIFT_STANDARD_LIBRARIES = YES;
				BUNDLE_LOADER = "$(TEST_HOST)";
				CODE_SIGN_STYLE = Automatic;
				DEVELOPMENT_TEAM = 5W8V7NL45W;
				INFOPLIST_FILE = "tap tapTests/Info.plist";
				IPHONEOS_DEPLOYMENT_TARGET = 14.5;
				LD_RUNPATH_SEARCH_PATHS = (
					"$(inherited)",
					"@executable_path/Frameworks",
					"@loader_path/Frameworks",
				);
				PRODUCT_BUNDLE_IDENTIFIER = "com.takano.tap-tapTests";
				PRODUCT_NAME = "$(TARGET_NAME)";
				SWIFT_VERSION = 5.0;
				TARGETED_DEVICE_FAMILY = "1,2";
				TEST_HOST = "$(BUILT_PRODUCTS_DIR)/tap tap.app/tap tap";
			};
			name = Debug;
		};
		B0055FD726818243004B8AC0 /* Release */ = {
			isa = XCBuildConfiguration;
			buildSettings = {
				ALWAYS_EMBED_SWIFT_STANDARD_LIBRARIES = YES;
				BUNDLE_LOADER = "$(TEST_HOST)";
				CODE_SIGN_STYLE = Automatic;
				DEVELOPMENT_TEAM = 5W8V7NL45W;
				INFOPLIST_FILE = "tap tapTests/Info.plist";
				IPHONEOS_DEPLOYMENT_TARGET = 14.5;
				LD_RUNPATH_SEARCH_PATHS = (
					"$(inherited)",
					"@executable_path/Frameworks",
					"@loader_path/Frameworks",
				);
				PRODUCT_BUNDLE_IDENTIFIER = "com.takano.tap-tapTests";
				PRODUCT_NAME = "$(TARGET_NAME)";
				SWIFT_VERSION = 5.0;
				TARGETED_DEVICE_FAMILY = "1,2";
				TEST_HOST = "$(BUILT_PRODUCTS_DIR)/tap tap.app/tap tap";
			};
			name = Release;
		};
		B0055FD926818243004B8AC0 /* Debug */ = {
			isa = XCBuildConfiguration;
			buildSettings = {
				ALWAYS_EMBED_SWIFT_STANDARD_LIBRARIES = YES;
				CODE_SIGN_STYLE = Automatic;
				DEVELOPMENT_TEAM = 5W8V7NL45W;
				INFOPLIST_FILE = "tap tapUITests/Info.plist";
				LD_RUNPATH_SEARCH_PATHS = (
					"$(inherited)",
					"@executable_path/Frameworks",
					"@loader_path/Frameworks",
				);
				PRODUCT_BUNDLE_IDENTIFIER = "com.takano.tap-tapUITests";
				PRODUCT_NAME = "$(TARGET_NAME)";
				SWIFT_VERSION = 5.0;
				TARGETED_DEVICE_FAMILY = "1,2";
				TEST_TARGET_NAME = "tap tap";
			};
			name = Debug;
		};
		B0055FDA26818243004B8AC0 /* Release */ = {
			isa = XCBuildConfiguration;
			buildSettings = {
				ALWAYS_EMBED_SWIFT_STANDARD_LIBRARIES = YES;
				CODE_SIGN_STYLE = Automatic;
				DEVELOPMENT_TEAM = 5W8V7NL45W;
				INFOPLIST_FILE = "tap tapUITests/Info.plist";
				LD_RUNPATH_SEARCH_PATHS = (
					"$(inherited)",
					"@executable_path/Frameworks",
					"@loader_path/Frameworks",
				);
				PRODUCT_BUNDLE_IDENTIFIER = "com.takano.tap-tapUITests";
				PRODUCT_NAME = "$(TARGET_NAME)";
				SWIFT_VERSION = 5.0;
				TARGETED_DEVICE_FAMILY = "1,2";
				TEST_TARGET_NAME = "tap tap";
			};
			name = Release;
		};
/* End XCBuildConfiguration section */

/* Begin XCConfigurationList section */
		B0055FA22681823E004B8AC0 /* Build configuration list for PBXProject "tap tap" */ = {
			isa = XCConfigurationList;
			buildConfigurations = (
				B0055FD026818243004B8AC0 /* Debug */,
				B0055FD126818243004B8AC0 /* Release */,
			);
			defaultConfigurationIsVisible = 0;
			defaultConfigurationName = Release;
		};
		B0055FD226818243004B8AC0 /* Build configuration list for PBXNativeTarget "tap tap" */ = {
			isa = XCConfigurationList;
			buildConfigurations = (
				B0055FD326818243004B8AC0 /* Debug */,
				B0055FD426818243004B8AC0 /* Release */,
			);
			defaultConfigurationIsVisible = 0;
			defaultConfigurationName = Release;
		};
		B0055FD526818243004B8AC0 /* Build configuration list for PBXNativeTarget "tap tapTests" */ = {
			isa = XCConfigurationList;
			buildConfigurations = (
				B0055FD626818243004B8AC0 /* Debug */,
				B0055FD726818243004B8AC0 /* Release */,
			);
			defaultConfigurationIsVisible = 0;
			defaultConfigurationName = Release;
		};
		B0055FD826818243004B8AC0 /* Build configuration list for PBXNativeTarget "tap tapUITests" */ = {
			isa = XCConfigurationList;
			buildConfigurations = (
				B0055FD926818243004B8AC0 /* Debug */,
				B0055FDA26818243004B8AC0 /* Release */,
			);
			defaultConfigurationIsVisible = 0;
			defaultConfigurationName = Release;
		};
/* End XCConfigurationList section */
	};
	rootObject = B0055F9F2681823E004B8AC0 /* Project object */;
}
